
Microsoft Visual Studio Solution File, Format Version 12.00
# Visual Studio 2012
Project("{FAE04EC0-301F-11D3-BF4B-00C04F79EFBC}") = "Ch7.R7-1", "Ch7.R7-1\Ch7.R7-1.csproj", "{9C6967DF-D724-42BE-8044-04FC5C230A6A}"
EndProject
Project("{FAE04EC0-301F-11D3-BF4B-00C04F79EFBC}") = "Ch7.SharedAPI", "..\Ch7.SharedAPI\Ch7.SharedAPI\Ch7.SharedAPI.csproj", "{94964FB1-FB7B-4266-8232-AABC51EE3040}"
EndProject
Global
	GlobalSection(SolutionConfigurationPlatforms) = preSolution
		Debug|Any CPU = Debug|Any CPU
		Release|Any CPU = Release|Any CPU
	EndGlobalSection
	GlobalSection(ProjectConfigurationPlatforms) = postSolution
		{9C6967DF-D724-42BE-8044-04FC5C230A6A}.Debug|Any CPU.ActiveCfg = Debug|Any CPU
		{9C6967DF-D724-42BE-8044-04FC5C230A6A}.Debug|Any CPU.Build.0 = Debug|Any CPU
		{9C6967DF-D724-42BE-8044-04FC5C230A6A}.Release|Any CPU.ActiveCfg = Release|Any CPU
		{9C6967DF-D724-42BE-8044-04FC5C230A6A}.Release|Any CPU.Build.0 = Release|Any CPU
		{94964FB1-FB7B-4266-8232-AABC51EE3040}.Debug|Any CPU.ActiveCfg = Debug|Any CPU
		{94964FB1-FB7B-4266-8232-AABC51EE3040}.Debug|Any CPU.Build.0 = Debug|Any CPU
		{94964FB1-FB7B-4266-8232-AABC51EE3040}.Release|Any CPU.ActiveCfg = Release|Any CPU
		{94964FB1-FB7B-4266-8232-AABC51EE3040}.Release|Any CPU.Build.0 = Release|Any CPU
	EndGlobalSection
	GlobalSection(SolutionProperties) = preSolution
		HideSolutionNode = FALSE
	EndGlobalSection
EndGlobal
