
Microsoft Visual Studio Solution File, Format Version 12.00
# Visual Studio 2012
Project("{FAE04EC0-301F-11D3-BF4B-00C04F79EFBC}") = "ServiceApplication", "ServiceApplication\ServiceApplication.csproj", "{B50344C9-D489-4F05-A360-5287AFA746E8}"
EndProject
Global
	GlobalSection(SolutionConfigurationPlatforms) = preSolution
		Debug|Any CPU = Debug|Any CPU
		Release|Any CPU = Release|Any CPU
	EndGlobalSection
	GlobalSection(ProjectConfigurationPlatforms) = postSolution
		{B50344C9-D489-4F05-A360-5287AFA746E8}.Debug|Any CPU.ActiveCfg = Debug|Any CPU
		{B50344C9-D489-4F05-A360-5287AFA746E8}.Debug|Any CPU.Build.0 = Debug|Any CPU
		{B50344C9-D489-4F05-A360-5287AFA746E8}.Release|Any CPU.ActiveCfg = Release|Any CPU
		{B50344C9-D489-4F05-A360-5287AFA746E8}.Release|Any CPU.Build.0 = Release|Any CPU
	EndGlobalSection
	GlobalSection(SolutionProperties) = preSolution
		HideSolutionNode = FALSE
	EndGlobalSection
EndGlobal
