
Microsoft Visual Studio Solution File, Format Version 12.00
# Visual Studio 2012
Project("{FAE04EC0-301F-11D3-BF4B-00C04F79EFBC}") = "Ch5.R5-8.CustomReg", "Ch5.R5-8.CustomReg\Ch5.R5-8.CustomReg.csproj", "{9F26E965-8859-461C-8C5E-7CEA8185BC49}"
EndProject
Project("{FAE04EC0-301F-11D3-BF4B-00C04F79EFBC}") = "MusicCollaborationLib", "MusicCollaborationLib\MusicCollaborationLib.csproj", "{1F163231-02F2-4413-AEDE-10540F490776}"
EndProject
Global
	GlobalSection(SolutionConfigurationPlatforms) = preSolution
		Debug|Any CPU = Debug|Any CPU
		Release|Any CPU = Release|Any CPU
	EndGlobalSection
	GlobalSection(ProjectConfigurationPlatforms) = postSolution
		{1F163231-02F2-4413-AEDE-10540F490776}.Debug|Any CPU.ActiveCfg = Debug|Any CPU
		{1F163231-02F2-4413-AEDE-10540F490776}.Debug|Any CPU.Build.0 = Debug|Any CPU
		{1F163231-02F2-4413-AEDE-10540F490776}.Release|Any CPU.ActiveCfg = Release|Any CPU
		{1F163231-02F2-4413-AEDE-10540F490776}.Release|Any CPU.Build.0 = Release|Any CPU
		{9F26E965-8859-461C-8C5E-7CEA8185BC49}.Debug|Any CPU.ActiveCfg = Debug|Any CPU
		{9F26E965-8859-461C-8C5E-7CEA8185BC49}.Debug|Any CPU.Build.0 = Debug|Any CPU
		{9F26E965-8859-461C-8C5E-7CEA8185BC49}.Release|Any CPU.ActiveCfg = Release|Any CPU
		{9F26E965-8859-461C-8C5E-7CEA8185BC49}.Release|Any CPU.Build.0 = Release|Any CPU
	EndGlobalSection
	GlobalSection(SolutionProperties) = preSolution
		HideSolutionNode = FALSE
	EndGlobalSection
EndGlobal
