
Microsoft Visual Studio Solution File, Format Version 12.00
# Visual Studio 2012
Project("{FAE04EC0-301F-11D3-BF4B-00C04F79EFBC}") = "Ch7.R4", "Ch7.R4\Ch7.R4.csproj", "{FCF2FE4B-C554-4B58-8681-D0AEC68A5BAD}"
EndProject
Project("{FAE04EC0-301F-11D3-BF4B-00C04F79EFBC}") = "Ch7.R4.DAL", "..\Ch7.R4.DAL\Ch7.R4.DAL\Ch7.R4.DAL.csproj", "{2D7EF066-1731-4A0C-8304-DFBCFD46FCA9}"
EndProject
Global
	GlobalSection(SolutionConfigurationPlatforms) = preSolution
		Debug|Any CPU = Debug|Any CPU
		Release|Any CPU = Release|Any CPU
	EndGlobalSection
	GlobalSection(ProjectConfigurationPlatforms) = postSolution
		{FCF2FE4B-C554-4B58-8681-D0AEC68A5BAD}.Debug|Any CPU.ActiveCfg = Debug|Any CPU
		{FCF2FE4B-C554-4B58-8681-D0AEC68A5BAD}.Debug|Any CPU.Build.0 = Debug|Any CPU
		{FCF2FE4B-C554-4B58-8681-D0AEC68A5BAD}.Release|Any CPU.ActiveCfg = Release|Any CPU
		{FCF2FE4B-C554-4B58-8681-D0AEC68A5BAD}.Release|Any CPU.Build.0 = Release|Any CPU
		{2D7EF066-1731-4A0C-8304-DFBCFD46FCA9}.Debug|Any CPU.ActiveCfg = Debug|Any CPU
		{2D7EF066-1731-4A0C-8304-DFBCFD46FCA9}.Debug|Any CPU.Build.0 = Debug|Any CPU
		{2D7EF066-1731-4A0C-8304-DFBCFD46FCA9}.Release|Any CPU.ActiveCfg = Release|Any CPU
		{2D7EF066-1731-4A0C-8304-DFBCFD46FCA9}.Release|Any CPU.Build.0 = Release|Any CPU
	EndGlobalSection
	GlobalSection(SolutionProperties) = preSolution
		HideSolutionNode = FALSE
	EndGlobalSection
EndGlobal
