
Microsoft Visual Studio Solution File, Format Version 12.00
# Visual Studio 2012
Project("{FAE04EC0-301F-11D3-BF4B-00C04F79EFBC}") = "Ch10.WebFormsExamples.Web", "Ch10.WebFormsExamples.Web\Ch10.WebFormsExamples.Web.csproj", "{F6A4027E-2B9F-414E-A834-08D9D652503F}"
EndProject
Project("{2150E333-8FDC-42A3-9474-1A3956D46DE8}") = "ObjectDataSources", "ObjectDataSources", "{3EF7546D-A5CC-498D-A209-FC33EE540C7D}"
	ProjectSection(SolutionItems) = preProject
		Ch10.WebFormsExamples.Web\App_Code\ExampleRepository.cs = Ch10.WebFormsExamples.Web\App_Code\ExampleRepository.cs
	EndProjectSection
EndProject
Project("{FAE04EC0-301F-11D3-BF4B-00C04F79EFBC}") = "Ch10.WebFormsExamples.ControlLibrary", "ControlLibrary\Ch10.WebFormsExamples.ControlLibrary.csproj", "{F416DC90-01AF-452C-B318-9E2C6500D844}"
EndProject
Global
	GlobalSection(SolutionConfigurationPlatforms) = preSolution
		Debug|Any CPU = Debug|Any CPU
		Release|Any CPU = Release|Any CPU
	EndGlobalSection
	GlobalSection(ProjectConfigurationPlatforms) = postSolution
		{F6A4027E-2B9F-414E-A834-08D9D652503F}.Debug|Any CPU.ActiveCfg = Debug|Any CPU
		{F6A4027E-2B9F-414E-A834-08D9D652503F}.Debug|Any CPU.Build.0 = Debug|Any CPU
		{F6A4027E-2B9F-414E-A834-08D9D652503F}.Release|Any CPU.ActiveCfg = Release|Any CPU
		{F6A4027E-2B9F-414E-A834-08D9D652503F}.Release|Any CPU.Build.0 = Release|Any CPU
		{F416DC90-01AF-452C-B318-9E2C6500D844}.Debug|Any CPU.ActiveCfg = Debug|Any CPU
		{F416DC90-01AF-452C-B318-9E2C6500D844}.Debug|Any CPU.Build.0 = Debug|Any CPU
		{F416DC90-01AF-452C-B318-9E2C6500D844}.Release|Any CPU.ActiveCfg = Release|Any CPU
		{F416DC90-01AF-452C-B318-9E2C6500D844}.Release|Any CPU.Build.0 = Release|Any CPU
	EndGlobalSection
	GlobalSection(SolutionProperties) = preSolution
		HideSolutionNode = FALSE
	EndGlobalSection
EndGlobal
