
Microsoft Visual Studio Solution File, Format Version 12.00
# Visual Studio 2012
Project("{FAE04EC0-301F-11D3-BF4B-00C04F79EFBC}") = "Ch9.R2.Web", "Ch9.R2.Web\Ch9.R2.Web.csproj", "{61A83423-DB03-459E-8B1E-D6A422899156}"
EndProject
Project("{FAE04EC0-301F-11D3-BF4B-00C04F79EFBC}") = "Ch9.R2.Web.Tests", "Ch9.R2.Web.Tests\Ch9.R2.Web.Tests.csproj", "{4C181FC2-2599-41AA-9280-07610F905BAF}"
EndProject
Global
	GlobalSection(SolutionConfigurationPlatforms) = preSolution
		Debug|Any CPU = Debug|Any CPU
		Release|Any CPU = Release|Any CPU
	EndGlobalSection
	GlobalSection(ProjectConfigurationPlatforms) = postSolution
		{61A83423-DB03-459E-8B1E-D6A422899156}.Debug|Any CPU.ActiveCfg = Debug|Any CPU
		{61A83423-DB03-459E-8B1E-D6A422899156}.Debug|Any CPU.Build.0 = Debug|Any CPU
		{61A83423-DB03-459E-8B1E-D6A422899156}.Release|Any CPU.ActiveCfg = Release|Any CPU
		{61A83423-DB03-459E-8B1E-D6A422899156}.Release|Any CPU.Build.0 = Release|Any CPU
		{4C181FC2-2599-41AA-9280-07610F905BAF}.Debug|Any CPU.ActiveCfg = Debug|Any CPU
		{4C181FC2-2599-41AA-9280-07610F905BAF}.Debug|Any CPU.Build.0 = Debug|Any CPU
		{4C181FC2-2599-41AA-9280-07610F905BAF}.Release|Any CPU.ActiveCfg = Release|Any CPU
		{4C181FC2-2599-41AA-9280-07610F905BAF}.Release|Any CPU.Build.0 = Release|Any CPU
	EndGlobalSection
	GlobalSection(SolutionProperties) = preSolution
		HideSolutionNode = FALSE
	EndGlobalSection
EndGlobal
