
Microsoft Visual Studio Solution File, Format Version 12.00
# Visual Studio Express 2012 for Web
Project("{FAE04EC0-301F-11D3-BF4B-00C04F79EFBC}") = "SlowWebApp", "SlowWebApp\SlowWebApp.csproj", "{DF27B3EE-7967-4558-A559-2B2914386C52}"
EndProject
Global
	GlobalSection(SolutionConfigurationPlatforms) = preSolution
		Debug|Any CPU = Debug|Any CPU
		Release|Any CPU = Release|Any CPU
	EndGlobalSection
	GlobalSection(ProjectConfigurationPlatforms) = postSolution
		{DF27B3EE-7967-4558-A559-2B2914386C52}.Debug|Any CPU.ActiveCfg = Debug|Any CPU
		{DF27B3EE-7967-4558-A559-2B2914386C52}.Debug|Any CPU.Build.0 = Debug|Any CPU
		{DF27B3EE-7967-4558-A559-2B2914386C52}.Release|Any CPU.ActiveCfg = Release|Any CPU
		{DF27B3EE-7967-4558-A559-2B2914386C52}.Release|Any CPU.Build.0 = Release|Any CPU
	EndGlobalSection
	GlobalSection(SolutionProperties) = preSolution
		HideSolutionNode = FALSE
	EndGlobalSection
EndGlobal
