
Microsoft Visual Studio Solution File, Format Version 12.00
# Visual Studio 2012
Project("{FAE04EC0-301F-11D3-BF4B-00C04F79EFBC}") = "Ch11.R1.Web", "Ch11.R1.Web\Ch11.R1.Web.csproj", "{F17CFC48-BA35-4740-B19F-C24DFA261802}"
EndProject
Project("{FAE04EC0-301F-11D3-BF4B-00C04F79EFBC}") = "Ch11.R1.Web.Tests", "Ch11.R1.Web.Tests\Ch11.R1.Web.Tests.csproj", "{CD55A8C7-5546-46F9-BCB9-FD011B4E8966}"
EndProject
Global
	GlobalSection(SolutionConfigurationPlatforms) = preSolution
		Debug|Any CPU = Debug|Any CPU
		Release|Any CPU = Release|Any CPU
	EndGlobalSection
	GlobalSection(ProjectConfigurationPlatforms) = postSolution
		{F17CFC48-BA35-4740-B19F-C24DFA261802}.Debug|Any CPU.ActiveCfg = Debug|Any CPU
		{F17CFC48-BA35-4740-B19F-C24DFA261802}.Debug|Any CPU.Build.0 = Debug|Any CPU
		{F17CFC48-BA35-4740-B19F-C24DFA261802}.Release|Any CPU.ActiveCfg = Release|Any CPU
		{F17CFC48-BA35-4740-B19F-C24DFA261802}.Release|Any CPU.Build.0 = Release|Any CPU
		{CD55A8C7-5546-46F9-BCB9-FD011B4E8966}.Debug|Any CPU.ActiveCfg = Debug|Any CPU
		{CD55A8C7-5546-46F9-BCB9-FD011B4E8966}.Debug|Any CPU.Build.0 = Debug|Any CPU
		{CD55A8C7-5546-46F9-BCB9-FD011B4E8966}.Release|Any CPU.ActiveCfg = Release|Any CPU
		{CD55A8C7-5546-46F9-BCB9-FD011B4E8966}.Release|Any CPU.Build.0 = Release|Any CPU
	EndGlobalSection
	GlobalSection(SolutionProperties) = preSolution
		HideSolutionNode = FALSE
	EndGlobalSection
EndGlobal
