
Microsoft Visual Studio Solution File, Format Version 12.00
# Visual Studio 2012
Project("{FAE04EC0-301F-11D3-BF4B-00C04F79EFBC}") = "LegacyWebFormsApp01", "LegacyWebFormsApp01\LegacyWebFormsApp01.csproj", "{1AADC6B3-E831-4582-8103-F838B9B2F801}"
EndProject
Global
	GlobalSection(SolutionConfigurationPlatforms) = preSolution
		Debug|Any CPU = Debug|Any CPU
		Release|Any CPU = Release|Any CPU
	EndGlobalSection
	GlobalSection(ProjectConfigurationPlatforms) = postSolution
		{1AADC6B3-E831-4582-8103-F838B9B2F801}.Debug|Any CPU.ActiveCfg = Debug|Any CPU
		{1AADC6B3-E831-4582-8103-F838B9B2F801}.Debug|Any CPU.Build.0 = Debug|Any CPU
		{1AADC6B3-E831-4582-8103-F838B9B2F801}.Release|Any CPU.ActiveCfg = Release|Any CPU
		{1AADC6B3-E831-4582-8103-F838B9B2F801}.Release|Any CPU.Build.0 = Release|Any CPU
	EndGlobalSection
	GlobalSection(SolutionProperties) = preSolution
		HideSolutionNode = FALSE
	EndGlobalSection
EndGlobal
