
Microsoft Visual Studio Solution File, Format Version 12.00
# Visual Studio 2012
Project("{FAE04EC0-301F-11D3-BF4B-00C04F79EFBC}") = "Ch7.R5.DAL", "Ch7.R5.DAL\Ch7.R5.DAL.csproj", "{B6BA6707-21DB-4231-9754-232C72638770}"
EndProject
Project("{FAE04EC0-301F-11D3-BF4B-00C04F79EFBC}") = "Ch7.R5.Web", "Ch7.R5.Web\Ch7.R5.Web.csproj", "{9BD56FAF-172B-4B4F-9B0A-F6E71DB41316}"
EndProject
Global
	GlobalSection(SolutionConfigurationPlatforms) = preSolution
		Debug|Any CPU = Debug|Any CPU
		Release|Any CPU = Release|Any CPU
	EndGlobalSection
	GlobalSection(ProjectConfigurationPlatforms) = postSolution
		{B6BA6707-21DB-4231-9754-232C72638770}.Debug|Any CPU.ActiveCfg = Debug|Any CPU
		{B6BA6707-21DB-4231-9754-232C72638770}.Debug|Any CPU.Build.0 = Debug|Any CPU
		{B6BA6707-21DB-4231-9754-232C72638770}.Release|Any CPU.ActiveCfg = Release|Any CPU
		{B6BA6707-21DB-4231-9754-232C72638770}.Release|Any CPU.Build.0 = Release|Any CPU
		{9BD56FAF-172B-4B4F-9B0A-F6E71DB41316}.Debug|Any CPU.ActiveCfg = Debug|Any CPU
		{9BD56FAF-172B-4B4F-9B0A-F6E71DB41316}.Debug|Any CPU.Build.0 = Debug|Any CPU
		{9BD56FAF-172B-4B4F-9B0A-F6E71DB41316}.Release|Any CPU.ActiveCfg = Release|Any CPU
		{9BD56FAF-172B-4B4F-9B0A-F6E71DB41316}.Release|Any CPU.Build.0 = Release|Any CPU
	EndGlobalSection
	GlobalSection(SolutionProperties) = preSolution
		HideSolutionNode = FALSE
	EndGlobalSection
EndGlobal
