
Microsoft Visual Studio Solution File, Format Version 12.00
# Visual Studio 2012
Project("{FAE04EC0-301F-11D3-BF4B-00C04F79EFBC}") = "ResetPassword", "ResetPassword\ResetPassword.csproj", "{35A1EEF9-CAB4-4F82-B179-16E76A342428}"
EndProject
Global
	GlobalSection(SolutionConfigurationPlatforms) = preSolution
		Debug|Any CPU = Debug|Any CPU
		Release|Any CPU = Release|Any CPU
	EndGlobalSection
	GlobalSection(ProjectConfigurationPlatforms) = postSolution
		{35A1EEF9-CAB4-4F82-B179-16E76A342428}.Debug|Any CPU.ActiveCfg = Debug|Any CPU
		{35A1EEF9-CAB4-4F82-B179-16E76A342428}.Debug|Any CPU.Build.0 = Debug|Any CPU
		{35A1EEF9-CAB4-4F82-B179-16E76A342428}.Release|Any CPU.ActiveCfg = Release|Any CPU
		{35A1EEF9-CAB4-4F82-B179-16E76A342428}.Release|Any CPU.Build.0 = Release|Any CPU
	EndGlobalSection
	GlobalSection(SolutionProperties) = preSolution
		HideSolutionNode = FALSE
	EndGlobalSection
EndGlobal
