
Microsoft Visual Studio Solution File, Format Version 12.00
# Visual Studio 2012
Project("{FAE04EC0-301F-11D3-BF4B-00C04F79EFBC}") = "sample1", "sample1\sample1.csproj", "{626967DD-9720-494B-B8F0-C608CD82778F}"
EndProject
Global
	GlobalSection(SolutionConfigurationPlatforms) = preSolution
		Debug|Any CPU = Debug|Any CPU
		Release|Any CPU = Release|Any CPU
	EndGlobalSection
	GlobalSection(ProjectConfigurationPlatforms) = postSolution
		{626967DD-9720-494B-B8F0-C608CD82778F}.Debug|Any CPU.ActiveCfg = Debug|Any CPU
		{626967DD-9720-494B-B8F0-C608CD82778F}.Debug|Any CPU.Build.0 = Debug|Any CPU
		{626967DD-9720-494B-B8F0-C608CD82778F}.Release|Any CPU.ActiveCfg = Release|Any CPU
		{626967DD-9720-494B-B8F0-C608CD82778F}.Release|Any CPU.Build.0 = Release|Any CPU
	EndGlobalSection
	GlobalSection(SolutionProperties) = preSolution
		HideSolutionNode = FALSE
	EndGlobalSection
EndGlobal
