
Microsoft Visual Studio Solution File, Format Version 12.00
# Visual Studio 2012
Project("{FAE04EC0-301F-11D3-BF4B-00C04F79EFBC}") = "Ch12.R6.Web", "Ch12.R6.Web\Ch12.R6.Web.csproj", "{6B8A26EB-6A97-476F-BDD4-0E7F39816778}"
EndProject
Project("{FAE04EC0-301F-11D3-BF4B-00C04F79EFBC}") = "Ch12.R6.Web.Tests", "Ch12.R6.Web.Tests\Ch12.R6.Web.Tests.csproj", "{D3A7430B-B5F2-4E73-9B1C-69BC68AB6217}"
EndProject
Global
	GlobalSection(SolutionConfigurationPlatforms) = preSolution
		Debug|Any CPU = Debug|Any CPU
		Release|Any CPU = Release|Any CPU
	EndGlobalSection
	GlobalSection(ProjectConfigurationPlatforms) = postSolution
		{6B8A26EB-6A97-476F-BDD4-0E7F39816778}.Debug|Any CPU.ActiveCfg = Debug|Any CPU
		{6B8A26EB-6A97-476F-BDD4-0E7F39816778}.Debug|Any CPU.Build.0 = Debug|Any CPU
		{6B8A26EB-6A97-476F-BDD4-0E7F39816778}.Release|Any CPU.ActiveCfg = Release|Any CPU
		{6B8A26EB-6A97-476F-BDD4-0E7F39816778}.Release|Any CPU.Build.0 = Release|Any CPU
		{D3A7430B-B5F2-4E73-9B1C-69BC68AB6217}.Debug|Any CPU.ActiveCfg = Debug|Any CPU
		{D3A7430B-B5F2-4E73-9B1C-69BC68AB6217}.Debug|Any CPU.Build.0 = Debug|Any CPU
		{D3A7430B-B5F2-4E73-9B1C-69BC68AB6217}.Release|Any CPU.ActiveCfg = Release|Any CPU
		{D3A7430B-B5F2-4E73-9B1C-69BC68AB6217}.Release|Any CPU.Build.0 = Release|Any CPU
	EndGlobalSection
	GlobalSection(SolutionProperties) = preSolution
		HideSolutionNode = FALSE
	EndGlobalSection
EndGlobal
