
Microsoft Visual Studio Solution File, Format Version 12.00
# Visual Studio 2012
Project("{FAE04EC0-301F-11D3-BF4B-00C04F79EFBC}") = "Ch12.R4.Web", "Ch12.R4.Web\Ch12.R4.Web.csproj", "{BDB02125-0505-409D-852B-40B869A533E4}"
EndProject
Project("{FAE04EC0-301F-11D3-BF4B-00C04F79EFBC}") = "Ch12.R4.Web.Tests", "Ch12.R4.Web.Tests\Ch12.R4.Web.Tests.csproj", "{E0C84E10-519A-48BB-A16F-3A48392A195A}"
EndProject
Global
	GlobalSection(SolutionConfigurationPlatforms) = preSolution
		Debug|Any CPU = Debug|Any CPU
		Release|Any CPU = Release|Any CPU
	EndGlobalSection
	GlobalSection(ProjectConfigurationPlatforms) = postSolution
		{BDB02125-0505-409D-852B-40B869A533E4}.Debug|Any CPU.ActiveCfg = Debug|Any CPU
		{BDB02125-0505-409D-852B-40B869A533E4}.Debug|Any CPU.Build.0 = Debug|Any CPU
		{BDB02125-0505-409D-852B-40B869A533E4}.Release|Any CPU.ActiveCfg = Release|Any CPU
		{BDB02125-0505-409D-852B-40B869A533E4}.Release|Any CPU.Build.0 = Release|Any CPU
		{E0C84E10-519A-48BB-A16F-3A48392A195A}.Debug|Any CPU.ActiveCfg = Debug|Any CPU
		{E0C84E10-519A-48BB-A16F-3A48392A195A}.Debug|Any CPU.Build.0 = Debug|Any CPU
		{E0C84E10-519A-48BB-A16F-3A48392A195A}.Release|Any CPU.ActiveCfg = Release|Any CPU
		{E0C84E10-519A-48BB-A16F-3A48392A195A}.Release|Any CPU.Build.0 = Release|Any CPU
	EndGlobalSection
	GlobalSection(SolutionProperties) = preSolution
		HideSolutionNode = FALSE
	EndGlobalSection
EndGlobal
