
Microsoft Visual Studio Solution File, Format Version 12.00
# Visual Studio 2012
Project("{FAE04EC0-301F-11D3-BF4B-00C04F79EFBC}") = "Ch12.R9.Web", "Ch12.R9.Web\Ch12.R9.Web.csproj", "{8EB4AA11-8AC3-4114-89FB-45C70F980315}"
EndProject
Global
	GlobalSection(SolutionConfigurationPlatforms) = preSolution
		Debug|Any CPU = Debug|Any CPU
		Release|Any CPU = Release|Any CPU
	EndGlobalSection
	GlobalSection(ProjectConfigurationPlatforms) = postSolution
		{8EB4AA11-8AC3-4114-89FB-45C70F980315}.Debug|Any CPU.ActiveCfg = Debug|Any CPU
		{8EB4AA11-8AC3-4114-89FB-45C70F980315}.Debug|Any CPU.Build.0 = Debug|Any CPU
		{8EB4AA11-8AC3-4114-89FB-45C70F980315}.Release|Any CPU.ActiveCfg = Release|Any CPU
		{8EB4AA11-8AC3-4114-89FB-45C70F980315}.Release|Any CPU.Build.0 = Release|Any CPU
	EndGlobalSection
	GlobalSection(SolutionProperties) = preSolution
		HideSolutionNode = FALSE
	EndGlobalSection
EndGlobal
