
Microsoft Visual Studio Solution File, Format Version 12.00
# Visual Studio 2012
Project("{FAE04EC0-301F-11D3-BF4B-00C04F79EFBC}") = "Ch12.R1.Web", "Ch12.R1.Web\Ch12.R1.Web.csproj", "{C3982294-4408-4F18-854D-60F0F962699F}"
EndProject
Global
	GlobalSection(SolutionConfigurationPlatforms) = preSolution
		Debug|Any CPU = Debug|Any CPU
		Release|Any CPU = Release|Any CPU
	EndGlobalSection
	GlobalSection(ProjectConfigurationPlatforms) = postSolution
		{C3982294-4408-4F18-854D-60F0F962699F}.Debug|Any CPU.ActiveCfg = Debug|Any CPU
		{C3982294-4408-4F18-854D-60F0F962699F}.Debug|Any CPU.Build.0 = Debug|Any CPU
		{C3982294-4408-4F18-854D-60F0F962699F}.Release|Any CPU.ActiveCfg = Release|Any CPU
		{C3982294-4408-4F18-854D-60F0F962699F}.Release|Any CPU.Build.0 = Release|Any CPU
	EndGlobalSection
	GlobalSection(SolutionProperties) = preSolution
		HideSolutionNode = FALSE
	EndGlobalSection
EndGlobal
