
Microsoft Visual Studio Solution File, Format Version 12.00
# Visual Studio 2012
Project("{FAE04EC0-301F-11D3-BF4B-00C04F79EFBC}") = "Ch9.R2.Web", "Ch9.R2.Web\Ch9.R2.Web.csproj", "{7C618AE2-1781-4395-9E2E-687127EC0472}"
EndProject
Project("{FAE04EC0-301F-11D3-BF4B-00C04F79EFBC}") = "Ch9.R2.Web.Tests", "Ch9.R2.Web.Tests\Ch9.R2.Web.Tests.csproj", "{6C72FF34-5A9A-4C16-B0D6-2E411D9A68D7}"
EndProject
Global
	GlobalSection(SolutionConfigurationPlatforms) = preSolution
		Debug|Any CPU = Debug|Any CPU
		Release|Any CPU = Release|Any CPU
	EndGlobalSection
	GlobalSection(ProjectConfigurationPlatforms) = postSolution
		{7C618AE2-1781-4395-9E2E-687127EC0472}.Debug|Any CPU.ActiveCfg = Debug|Any CPU
		{7C618AE2-1781-4395-9E2E-687127EC0472}.Debug|Any CPU.Build.0 = Debug|Any CPU
		{7C618AE2-1781-4395-9E2E-687127EC0472}.Release|Any CPU.ActiveCfg = Release|Any CPU
		{7C618AE2-1781-4395-9E2E-687127EC0472}.Release|Any CPU.Build.0 = Release|Any CPU
		{6C72FF34-5A9A-4C16-B0D6-2E411D9A68D7}.Debug|Any CPU.ActiveCfg = Debug|Any CPU
		{6C72FF34-5A9A-4C16-B0D6-2E411D9A68D7}.Debug|Any CPU.Build.0 = Debug|Any CPU
		{6C72FF34-5A9A-4C16-B0D6-2E411D9A68D7}.Release|Any CPU.ActiveCfg = Release|Any CPU
		{6C72FF34-5A9A-4C16-B0D6-2E411D9A68D7}.Release|Any CPU.Build.0 = Release|Any CPU
	EndGlobalSection
	GlobalSection(SolutionProperties) = preSolution
		HideSolutionNode = FALSE
	EndGlobalSection
EndGlobal
